
Microsoft Visual Studio Solution File, Format Version 12.00
# Visual Studio Version 16
VisualStudioVersion = 16.0.31515.178
MinimumVisualStudioVersion = 10.0.40219.1
Project("{9A19103F-16F7-4668-BE54-9A1E7A4F7556}") = "gemelo.baederland.sniper.app", "gemelo.baederland.sniper.app\gemelo.baederland.sniper.app.csproj", "{62467F08-C31B-4FC0-B8D3-BE03BFA0FEA5}"
EndProject
Project("{9A19103F-16F7-4668-BE54-9A1E7A4F7556}") = "gemelo.Common", "..\..\..\Git\gemelo\Components\gemelo.Common\gemelo.Common\gemelo.Common.csproj", "{C60FDF01-57E0-4FCB-85F3-497F54CDE42A}"
EndProject
Global
	GlobalSection(SolutionConfigurationPlatforms) = preSolution
		Debug|Any CPU = Debug|Any CPU
		Release|Any CPU = Release|Any CPU
	EndGlobalSection
	GlobalSection(ProjectConfigurationPlatforms) = postSolution
		{62467F08-C31B-4FC0-B8D3-BE03BFA0FEA5}.Debug|Any CPU.ActiveCfg = Debug|Any CPU
		{62467F08-C31B-4FC0-B8D3-BE03BFA0FEA5}.Debug|Any CPU.Build.0 = Debug|Any CPU
		{62467F08-C31B-4FC0-B8D3-BE03BFA0FEA5}.Release|Any CPU.ActiveCfg = Release|Any CPU
		{62467F08-C31B-4FC0-B8D3-BE03BFA0FEA5}.Release|Any CPU.Build.0 = Release|Any CPU
		{C60FDF01-57E0-4FCB-85F3-497F54CDE42A}.Debug|Any CPU.ActiveCfg = Debug|Any CPU
		{C60FDF01-57E0-4FCB-85F3-497F54CDE42A}.Debug|Any CPU.Build.0 = Debug|Any CPU
		{C60FDF01-57E0-4FCB-85F3-497F54CDE42A}.Release|Any CPU.ActiveCfg = Release|Any CPU
		{C60FDF01-57E0-4FCB-85F3-497F54CDE42A}.Release|Any CPU.Build.0 = Release|Any CPU
	EndGlobalSection
	GlobalSection(SolutionProperties) = preSolution
		HideSolutionNode = FALSE
	EndGlobalSection
	GlobalSection(ExtensibilityGlobals) = postSolution
		SolutionGuid = {507A35AD-4CE4-496F-84ED-B6B335BAB16E}
	EndGlobalSection
EndGlobal
